{
  "object": {
    "pins": [
      {
        "package": "ZTCoreKit",
        "repositoryURL": "https://github.com/zhortech/ztcorekit-ios-sdk.git",
        "state": {
          "branch": null,
          "revision": "83aff559e8c7f4c5f3cc3fbcac3945947a81a7b6",
          "version": "1.1.61"
        }
      }
    ]
  },
  "version": 1
}
